
Microsoft Visual Studio Solution File, Format Version 12.00
# Visual Studio Version 17
VisualStudioVersion = 17.8.34511.84
MinimumVisualStudioVersion = 10.0.40219.1
Project("{9A19103F-16F7-4668-BE54-9A1E7A4F7556}") = "Ap01", "Ap01\Ap01.csproj", "{6D9E8E2F-FD18-4922-9DEA-6291C2A4249C}"
EndProject
Project("{9A19103F-16F7-4668-BE54-9A1E7A4F7556}") = "Ap02", "Ap02\Ap02.csproj", "{E597C765-6FC5-4620-B01C-BCB7AD20DDC6}"
EndProject
Project("{9A19103F-16F7-4668-BE54-9A1E7A4F7556}") = "Ap03", "Ap03\Ap03.csproj", "{1B17BCF4-CF29-4C98-9595-085432D04B58}"
EndProject
Project("{9A19103F-16F7-4668-BE54-9A1E7A4F7556}") = "Ap04", "Ap04\Ap04.csproj", "{27DF722D-65A7-4750-BAB5-686F8559AA72}"
EndProject
Project("{9A19103F-16F7-4668-BE54-9A1E7A4F7556}") = "Ap05", "Ap05\Ap05.csproj", "{8F004A05-D931-453B-8524-C65229C071E1}"
EndProject
Project("{9A19103F-16F7-4668-BE54-9A1E7A4F7556}") = "Ap06", "Ap06\Ap06.csproj", "{5875F647-B502-471B-9EF3-B9F2D2CE1532}"
EndProject
Project("{9A19103F-16F7-4668-BE54-9A1E7A4F7556}") = "Ap07", "Ap07\Ap07.csproj", "{A46134C9-EEC1-40A8-B107-A7A056C1CC45}"
EndProject
Project("{9A19103F-16F7-4668-BE54-9A1E7A4F7556}") = "Ap08", "Ap08\Ap08.csproj", "{CCBF41A2-900D-4F0E-BD72-2F6E47B2D4A5}"
EndProject
Project("{9A19103F-16F7-4668-BE54-9A1E7A4F7556}") = "Ap09", "Ap09\Ap09.csproj", "{BC21AC08-7F13-4C39-8722-BDBB4B3DC789}"
EndProject
Project("{9A19103F-16F7-4668-BE54-9A1E7A4F7556}") = "Ap10", "Ap10\Ap10.csproj", "{0EF3B1C9-25C4-4EA9-8FF7-ABE8A2BE5160}"
EndProject
Project("{FAE04EC0-301F-11D3-BF4B-00C04F79EFBC}") = "Ap11", "Ap11\Ap11.csproj", "{14A57B2D-D549-4333-9C4B-CE977C681F3B}"
EndProject
Project("{FAE04EC0-301F-11D3-BF4B-00C04F79EFBC}") = "Ap12", "Ap12\Ap12.csproj", "{56D70B96-A9B6-4D3F-AC80-9D94D5CBEA9B}"
EndProject
Global
	GlobalSection(SolutionConfigurationPlatforms) = preSolution
		Debug|Any CPU = Debug|Any CPU
		Release|Any CPU = Release|Any CPU
	EndGlobalSection
	GlobalSection(ProjectConfigurationPlatforms) = postSolution
		{6D9E8E2F-FD18-4922-9DEA-6291C2A4249C}.Debug|Any CPU.ActiveCfg = Debug|Any CPU
		{6D9E8E2F-FD18-4922-9DEA-6291C2A4249C}.Debug|Any CPU.Build.0 = Debug|Any CPU
		{6D9E8E2F-FD18-4922-9DEA-6291C2A4249C}.Release|Any CPU.ActiveCfg = Release|Any CPU
		{6D9E8E2F-FD18-4922-9DEA-6291C2A4249C}.Release|Any CPU.Build.0 = Release|Any CPU
		{E597C765-6FC5-4620-B01C-BCB7AD20DDC6}.Debug|Any CPU.ActiveCfg = Debug|Any CPU
		{E597C765-6FC5-4620-B01C-BCB7AD20DDC6}.Debug|Any CPU.Build.0 = Debug|Any CPU
		{E597C765-6FC5-4620-B01C-BCB7AD20DDC6}.Release|Any CPU.ActiveCfg = Release|Any CPU
		{E597C765-6FC5-4620-B01C-BCB7AD20DDC6}.Release|Any CPU.Build.0 = Release|Any CPU
		{1B17BCF4-CF29-4C98-9595-085432D04B58}.Debug|Any CPU.ActiveCfg = Debug|Any CPU
		{1B17BCF4-CF29-4C98-9595-085432D04B58}.Debug|Any CPU.Build.0 = Debug|Any CPU
		{1B17BCF4-CF29-4C98-9595-085432D04B58}.Release|Any CPU.ActiveCfg = Release|Any CPU
		{1B17BCF4-CF29-4C98-9595-085432D04B58}.Release|Any CPU.Build.0 = Release|Any CPU
		{27DF722D-65A7-4750-BAB5-686F8559AA72}.Debug|Any CPU.ActiveCfg = Debug|Any CPU
		{27DF722D-65A7-4750-BAB5-686F8559AA72}.Debug|Any CPU.Build.0 = Debug|Any CPU
		{27DF722D-65A7-4750-BAB5-686F8559AA72}.Release|Any CPU.ActiveCfg = Release|Any CPU
		{27DF722D-65A7-4750-BAB5-686F8559AA72}.Release|Any CPU.Build.0 = Release|Any CPU
		{8F004A05-D931-453B-8524-C65229C071E1}.Debug|Any CPU.ActiveCfg = Debug|Any CPU
		{8F004A05-D931-453B-8524-C65229C071E1}.Debug|Any CPU.Build.0 = Debug|Any CPU
		{8F004A05-D931-453B-8524-C65229C071E1}.Release|Any CPU.ActiveCfg = Release|Any CPU
		{8F004A05-D931-453B-8524-C65229C071E1}.Release|Any CPU.Build.0 = Release|Any CPU
		{5875F647-B502-471B-9EF3-B9F2D2CE1532}.Debug|Any CPU.ActiveCfg = Debug|Any CPU
		{5875F647-B502-471B-9EF3-B9F2D2CE1532}.Debug|Any CPU.Build.0 = Debug|Any CPU
		{5875F647-B502-471B-9EF3-B9F2D2CE1532}.Release|Any CPU.ActiveCfg = Release|Any CPU
		{5875F647-B502-471B-9EF3-B9F2D2CE1532}.Release|Any CPU.Build.0 = Release|Any CPU
		{A46134C9-EEC1-40A8-B107-A7A056C1CC45}.Debug|Any CPU.ActiveCfg = Debug|Any CPU
		{A46134C9-EEC1-40A8-B107-A7A056C1CC45}.Debug|Any CPU.Build.0 = Debug|Any CPU
		{A46134C9-EEC1-40A8-B107-A7A056C1CC45}.Release|Any CPU.ActiveCfg = Release|Any CPU
		{A46134C9-EEC1-40A8-B107-A7A056C1CC45}.Release|Any CPU.Build.0 = Release|Any CPU
		{CCBF41A2-900D-4F0E-BD72-2F6E47B2D4A5}.Debug|Any CPU.ActiveCfg = Debug|Any CPU
		{CCBF41A2-900D-4F0E-BD72-2F6E47B2D4A5}.Debug|Any CPU.Build.0 = Debug|Any CPU
		{CCBF41A2-900D-4F0E-BD72-2F6E47B2D4A5}.Release|Any CPU.ActiveCfg = Release|Any CPU
		{CCBF41A2-900D-4F0E-BD72-2F6E47B2D4A5}.Release|Any CPU.Build.0 = Release|Any CPU
		{BC21AC08-7F13-4C39-8722-BDBB4B3DC789}.Debug|Any CPU.ActiveCfg = Debug|Any CPU
		{BC21AC08-7F13-4C39-8722-BDBB4B3DC789}.Debug|Any CPU.Build.0 = Debug|Any CPU
		{BC21AC08-7F13-4C39-8722-BDBB4B3DC789}.Release|Any CPU.ActiveCfg = Release|Any CPU
		{BC21AC08-7F13-4C39-8722-BDBB4B3DC789}.Release|Any CPU.Build.0 = Release|Any CPU
		{0EF3B1C9-25C4-4EA9-8FF7-ABE8A2BE5160}.Debug|Any CPU.ActiveCfg = Debug|Any CPU
		{0EF3B1C9-25C4-4EA9-8FF7-ABE8A2BE5160}.Debug|Any CPU.Build.0 = Debug|Any CPU
		{0EF3B1C9-25C4-4EA9-8FF7-ABE8A2BE5160}.Release|Any CPU.ActiveCfg = Release|Any CPU
		{0EF3B1C9-25C4-4EA9-8FF7-ABE8A2BE5160}.Release|Any CPU.Build.0 = Release|Any CPU
		{14A57B2D-D549-4333-9C4B-CE977C681F3B}.Debug|Any CPU.ActiveCfg = Debug|Any CPU
		{14A57B2D-D549-4333-9C4B-CE977C681F3B}.Debug|Any CPU.Build.0 = Debug|Any CPU
		{14A57B2D-D549-4333-9C4B-CE977C681F3B}.Release|Any CPU.ActiveCfg = Release|Any CPU
		{14A57B2D-D549-4333-9C4B-CE977C681F3B}.Release|Any CPU.Build.0 = Release|Any CPU
		{56D70B96-A9B6-4D3F-AC80-9D94D5CBEA9B}.Debug|Any CPU.ActiveCfg = Debug|Any CPU
		{56D70B96-A9B6-4D3F-AC80-9D94D5CBEA9B}.Debug|Any CPU.Build.0 = Debug|Any CPU
		{56D70B96-A9B6-4D3F-AC80-9D94D5CBEA9B}.Release|Any CPU.ActiveCfg = Release|Any CPU
		{56D70B96-A9B6-4D3F-AC80-9D94D5CBEA9B}.Release|Any CPU.Build.0 = Release|Any CPU
	EndGlobalSection
	GlobalSection(SolutionProperties) = preSolution
		HideSolutionNode = FALSE
	EndGlobalSection
	GlobalSection(ExtensibilityGlobals) = postSolution
		SolutionGuid = {8434987A-8A7D-4AE9-AAB8-5D030A2E2957}
	EndGlobalSection
EndGlobal
