
Microsoft Visual Studio Solution File, Format Version 12.00
# Visual Studio Version 17
VisualStudioVersion = 17.8.34511.84
MinimumVisualStudioVersion = 10.0.40219.1
Project("{9A19103F-16F7-4668-BE54-9A1E7A4F7556}") = "Ap01", "Ap01\Ap01.csproj", "{90231211-3607-496B-9260-4BF7C1E84913}"
EndProject
Project("{9A19103F-16F7-4668-BE54-9A1E7A4F7556}") = "Ap02", "Ap02\Ap02.csproj", "{ACC72FC5-201F-46AC-B492-B5DAA5CEA7D6}"
EndProject
Project("{9A19103F-16F7-4668-BE54-9A1E7A4F7556}") = "Ap03", "Ap03\Ap03.csproj", "{DE459168-AD15-4268-A601-CF541F1035F1}"
EndProject
Project("{9A19103F-16F7-4668-BE54-9A1E7A4F7556}") = "Ap04", "Ap04\Ap04.csproj", "{FFAE5161-6ED7-4611-AB58-903E5DE7D44E}"
EndProject
Project("{9A19103F-16F7-4668-BE54-9A1E7A4F7556}") = "Ap05", "Ap05\Ap05.csproj", "{0B3A34E7-44D7-4B3D-872F-DC071874974B}"
EndProject
Project("{9A19103F-16F7-4668-BE54-9A1E7A4F7556}") = "Ap06", "Ap06\Ap06.csproj", "{720D23F7-91C7-4AA9-8924-40D0800D6BCD}"
EndProject
Project("{9A19103F-16F7-4668-BE54-9A1E7A4F7556}") = "Ap07", "Ap07\Ap07.csproj", "{FFC65C8A-56AD-4984-AAD9-4716AE76E442}"
EndProject
Project("{9A19103F-16F7-4668-BE54-9A1E7A4F7556}") = "Ap08", "Ap08\Ap08.csproj", "{35E7A855-15CC-4696-B461-B80B7B9F84A5}"
EndProject
Project("{9A19103F-16F7-4668-BE54-9A1E7A4F7556}") = "Ap09", "Ap09\Ap09.csproj", "{162B575A-F3C3-4AAB-8D2F-9FF283815CE0}"
EndProject
Project("{9A19103F-16F7-4668-BE54-9A1E7A4F7556}") = "Ap10", "Ap10\Ap10.csproj", "{EE6D8C72-579F-41BC-B5D0-1B953789C064}"
EndProject
Project("{9A19103F-16F7-4668-BE54-9A1E7A4F7556}") = "Ap11", "Ap11\Ap11.csproj", "{3D28EB5A-D7A3-446B-9015-46714C52BA5F}"
EndProject
Project("{FAE04EC0-301F-11D3-BF4B-00C04F79EFBC}") = "Ap12", "Ap12\Ap12.csproj", "{C89789DB-3418-4086-ADC7-2EFC0809133E}"
EndProject
Project("{FAE04EC0-301F-11D3-BF4B-00C04F79EFBC}") = "Ap13", "Ap13\Ap13.csproj", "{F5215E27-A61A-42BB-AE59-D6FDC3C6BCA4}"
EndProject
Project("{FAE04EC0-301F-11D3-BF4B-00C04F79EFBC}") = "Ap14", "Ap14\Ap14.csproj", "{BD5A3625-D35E-4EF8-A535-040BF296C834}"
EndProject
Project("{FAE04EC0-301F-11D3-BF4B-00C04F79EFBC}") = "Ap15", "Ap15\Ap15.csproj", "{D794F170-745A-434D-A24A-44CFFB4AE90D}"
EndProject
Project("{FAE04EC0-301F-11D3-BF4B-00C04F79EFBC}") = "Ap16", "Ap16\Ap16.csproj", "{3D4F9E56-BD82-4C7E-8C8F-190156A8ADF8}"
EndProject
Project("{FAE04EC0-301F-11D3-BF4B-00C04F79EFBC}") = "Ap17", "Ap17\Ap17.csproj", "{FB6FB703-EE1D-451F-BF4A-4020A970176C}"
EndProject
Project("{FAE04EC0-301F-11D3-BF4B-00C04F79EFBC}") = "Ap18", "Ap18\Ap18.csproj", "{56F6B8AF-BB42-458B-987F-D2CCEDDF682D}"
EndProject
Global
	GlobalSection(SolutionConfigurationPlatforms) = preSolution
		Debug|Any CPU = Debug|Any CPU
		Release|Any CPU = Release|Any CPU
	EndGlobalSection
	GlobalSection(ProjectConfigurationPlatforms) = postSolution
		{90231211-3607-496B-9260-4BF7C1E84913}.Debug|Any CPU.ActiveCfg = Debug|Any CPU
		{90231211-3607-496B-9260-4BF7C1E84913}.Debug|Any CPU.Build.0 = Debug|Any CPU
		{90231211-3607-496B-9260-4BF7C1E84913}.Release|Any CPU.ActiveCfg = Release|Any CPU
		{90231211-3607-496B-9260-4BF7C1E84913}.Release|Any CPU.Build.0 = Release|Any CPU
		{ACC72FC5-201F-46AC-B492-B5DAA5CEA7D6}.Debug|Any CPU.ActiveCfg = Debug|Any CPU
		{ACC72FC5-201F-46AC-B492-B5DAA5CEA7D6}.Debug|Any CPU.Build.0 = Debug|Any CPU
		{ACC72FC5-201F-46AC-B492-B5DAA5CEA7D6}.Release|Any CPU.ActiveCfg = Release|Any CPU
		{ACC72FC5-201F-46AC-B492-B5DAA5CEA7D6}.Release|Any CPU.Build.0 = Release|Any CPU
		{DE459168-AD15-4268-A601-CF541F1035F1}.Debug|Any CPU.ActiveCfg = Debug|Any CPU
		{DE459168-AD15-4268-A601-CF541F1035F1}.Debug|Any CPU.Build.0 = Debug|Any CPU
		{DE459168-AD15-4268-A601-CF541F1035F1}.Release|Any CPU.ActiveCfg = Release|Any CPU
		{DE459168-AD15-4268-A601-CF541F1035F1}.Release|Any CPU.Build.0 = Release|Any CPU
		{FFAE5161-6ED7-4611-AB58-903E5DE7D44E}.Debug|Any CPU.ActiveCfg = Debug|Any CPU
		{FFAE5161-6ED7-4611-AB58-903E5DE7D44E}.Debug|Any CPU.Build.0 = Debug|Any CPU
		{FFAE5161-6ED7-4611-AB58-903E5DE7D44E}.Release|Any CPU.ActiveCfg = Release|Any CPU
		{FFAE5161-6ED7-4611-AB58-903E5DE7D44E}.Release|Any CPU.Build.0 = Release|Any CPU
		{0B3A34E7-44D7-4B3D-872F-DC071874974B}.Debug|Any CPU.ActiveCfg = Debug|Any CPU
		{0B3A34E7-44D7-4B3D-872F-DC071874974B}.Debug|Any CPU.Build.0 = Debug|Any CPU
		{0B3A34E7-44D7-4B3D-872F-DC071874974B}.Release|Any CPU.ActiveCfg = Release|Any CPU
		{0B3A34E7-44D7-4B3D-872F-DC071874974B}.Release|Any CPU.Build.0 = Release|Any CPU
		{720D23F7-91C7-4AA9-8924-40D0800D6BCD}.Debug|Any CPU.ActiveCfg = Debug|Any CPU
		{720D23F7-91C7-4AA9-8924-40D0800D6BCD}.Debug|Any CPU.Build.0 = Debug|Any CPU
		{720D23F7-91C7-4AA9-8924-40D0800D6BCD}.Release|Any CPU.ActiveCfg = Release|Any CPU
		{720D23F7-91C7-4AA9-8924-40D0800D6BCD}.Release|Any CPU.Build.0 = Release|Any CPU
		{FFC65C8A-56AD-4984-AAD9-4716AE76E442}.Debug|Any CPU.ActiveCfg = Debug|Any CPU
		{FFC65C8A-56AD-4984-AAD9-4716AE76E442}.Debug|Any CPU.Build.0 = Debug|Any CPU
		{FFC65C8A-56AD-4984-AAD9-4716AE76E442}.Release|Any CPU.ActiveCfg = Release|Any CPU
		{FFC65C8A-56AD-4984-AAD9-4716AE76E442}.Release|Any CPU.Build.0 = Release|Any CPU
		{35E7A855-15CC-4696-B461-B80B7B9F84A5}.Debug|Any CPU.ActiveCfg = Debug|Any CPU
		{35E7A855-15CC-4696-B461-B80B7B9F84A5}.Debug|Any CPU.Build.0 = Debug|Any CPU
		{35E7A855-15CC-4696-B461-B80B7B9F84A5}.Release|Any CPU.ActiveCfg = Release|Any CPU
		{35E7A855-15CC-4696-B461-B80B7B9F84A5}.Release|Any CPU.Build.0 = Release|Any CPU
		{162B575A-F3C3-4AAB-8D2F-9FF283815CE0}.Debug|Any CPU.ActiveCfg = Debug|Any CPU
		{162B575A-F3C3-4AAB-8D2F-9FF283815CE0}.Debug|Any CPU.Build.0 = Debug|Any CPU
		{162B575A-F3C3-4AAB-8D2F-9FF283815CE0}.Release|Any CPU.ActiveCfg = Release|Any CPU
		{162B575A-F3C3-4AAB-8D2F-9FF283815CE0}.Release|Any CPU.Build.0 = Release|Any CPU
		{EE6D8C72-579F-41BC-B5D0-1B953789C064}.Debug|Any CPU.ActiveCfg = Debug|Any CPU
		{EE6D8C72-579F-41BC-B5D0-1B953789C064}.Debug|Any CPU.Build.0 = Debug|Any CPU
		{EE6D8C72-579F-41BC-B5D0-1B953789C064}.Release|Any CPU.ActiveCfg = Release|Any CPU
		{EE6D8C72-579F-41BC-B5D0-1B953789C064}.Release|Any CPU.Build.0 = Release|Any CPU
		{3D28EB5A-D7A3-446B-9015-46714C52BA5F}.Debug|Any CPU.ActiveCfg = Debug|Any CPU
		{3D28EB5A-D7A3-446B-9015-46714C52BA5F}.Debug|Any CPU.Build.0 = Debug|Any CPU
		{3D28EB5A-D7A3-446B-9015-46714C52BA5F}.Release|Any CPU.ActiveCfg = Release|Any CPU
		{3D28EB5A-D7A3-446B-9015-46714C52BA5F}.Release|Any CPU.Build.0 = Release|Any CPU
		{C89789DB-3418-4086-ADC7-2EFC0809133E}.Debug|Any CPU.ActiveCfg = Debug|Any CPU
		{C89789DB-3418-4086-ADC7-2EFC0809133E}.Debug|Any CPU.Build.0 = Debug|Any CPU
		{C89789DB-3418-4086-ADC7-2EFC0809133E}.Release|Any CPU.ActiveCfg = Release|Any CPU
		{C89789DB-3418-4086-ADC7-2EFC0809133E}.Release|Any CPU.Build.0 = Release|Any CPU
		{F5215E27-A61A-42BB-AE59-D6FDC3C6BCA4}.Debug|Any CPU.ActiveCfg = Debug|Any CPU
		{F5215E27-A61A-42BB-AE59-D6FDC3C6BCA4}.Debug|Any CPU.Build.0 = Debug|Any CPU
		{F5215E27-A61A-42BB-AE59-D6FDC3C6BCA4}.Release|Any CPU.ActiveCfg = Release|Any CPU
		{F5215E27-A61A-42BB-AE59-D6FDC3C6BCA4}.Release|Any CPU.Build.0 = Release|Any CPU
		{BD5A3625-D35E-4EF8-A535-040BF296C834}.Debug|Any CPU.ActiveCfg = Debug|Any CPU
		{BD5A3625-D35E-4EF8-A535-040BF296C834}.Debug|Any CPU.Build.0 = Debug|Any CPU
		{BD5A3625-D35E-4EF8-A535-040BF296C834}.Release|Any CPU.ActiveCfg = Release|Any CPU
		{BD5A3625-D35E-4EF8-A535-040BF296C834}.Release|Any CPU.Build.0 = Release|Any CPU
		{D794F170-745A-434D-A24A-44CFFB4AE90D}.Debug|Any CPU.ActiveCfg = Debug|Any CPU
		{D794F170-745A-434D-A24A-44CFFB4AE90D}.Debug|Any CPU.Build.0 = Debug|Any CPU
		{D794F170-745A-434D-A24A-44CFFB4AE90D}.Release|Any CPU.ActiveCfg = Release|Any CPU
		{D794F170-745A-434D-A24A-44CFFB4AE90D}.Release|Any CPU.Build.0 = Release|Any CPU
		{3D4F9E56-BD82-4C7E-8C8F-190156A8ADF8}.Debug|Any CPU.ActiveCfg = Debug|Any CPU
		{3D4F9E56-BD82-4C7E-8C8F-190156A8ADF8}.Debug|Any CPU.Build.0 = Debug|Any CPU
		{3D4F9E56-BD82-4C7E-8C8F-190156A8ADF8}.Release|Any CPU.ActiveCfg = Release|Any CPU
		{3D4F9E56-BD82-4C7E-8C8F-190156A8ADF8}.Release|Any CPU.Build.0 = Release|Any CPU
		{FB6FB703-EE1D-451F-BF4A-4020A970176C}.Debug|Any CPU.ActiveCfg = Debug|Any CPU
		{FB6FB703-EE1D-451F-BF4A-4020A970176C}.Debug|Any CPU.Build.0 = Debug|Any CPU
		{FB6FB703-EE1D-451F-BF4A-4020A970176C}.Release|Any CPU.ActiveCfg = Release|Any CPU
		{FB6FB703-EE1D-451F-BF4A-4020A970176C}.Release|Any CPU.Build.0 = Release|Any CPU
		{56F6B8AF-BB42-458B-987F-D2CCEDDF682D}.Debug|Any CPU.ActiveCfg = Debug|Any CPU
		{56F6B8AF-BB42-458B-987F-D2CCEDDF682D}.Debug|Any CPU.Build.0 = Debug|Any CPU
		{56F6B8AF-BB42-458B-987F-D2CCEDDF682D}.Release|Any CPU.ActiveCfg = Release|Any CPU
		{56F6B8AF-BB42-458B-987F-D2CCEDDF682D}.Release|Any CPU.Build.0 = Release|Any CPU
	EndGlobalSection
	GlobalSection(SolutionProperties) = preSolution
		HideSolutionNode = FALSE
	EndGlobalSection
	GlobalSection(ExtensibilityGlobals) = postSolution
		SolutionGuid = {4F096EDE-4479-4F13-94D1-4C2E7E95107C}
	EndGlobalSection
EndGlobal
